Microsoft Visual Studio Solution File, Format Version 11.00
# Visual Studio 2008

Project("{F9341B34-DB47-21BA-ED64-E14D3DB1B906}") = "ARG-Zombies-Unity Android", "Assembly-CSharp-firstpass.csproj", "{2CD99998-9978-73F6-0441-9A89E491A951}"
EndProject
Project("{F9341B34-DB47-21BA-ED64-E14D3DB1B906}") = "ARG-Zombies-Unity Android", "Assembly-CSharp.csproj", "{3B3D3A1F-4B38-D70B-0C5F-52AD44A92B6C}"
EndProject
Project("{F9341B34-DB47-21BA-ED64-E14D3DB1B906}") = "ARG-Zombies-Unity Android", "Assembly-CSharp-Editor.csproj", "{4B25EE5E-C02F-CDC9-B9C5-90DC872E8028}"
EndProject
Project("{F9341B34-DB47-21BA-ED64-E14D3DB1B906}") = "ARG-Zombies-Unity Android", "Assembly-UnityScript.unityproj", "{970D1613-CDA3-762D-5094-5A945D982657}"
EndProject
Global
	GlobalSection(SolutionConfigurationPlatforms) = preSolution
		Debug|Any CPU = Debug|Any CPU
		Release|Any CPU = Release|Any CPU
	EndGlobalSection
	GlobalSection(ProjectConfigurationPlatforms) = postSolution
		{2CD99998-9978-73F6-0441-9A89E491A951}.Debug|Any CPU.ActiveCfg = Debug|Any CPU
		{2CD99998-9978-73F6-0441-9A89E491A951}.Debug|Any CPU.Build.0 = Debug|Any CPU
		{2CD99998-9978-73F6-0441-9A89E491A951}.Release|Any CPU.ActiveCfg = Release|Any CPU
		{2CD99998-9978-73F6-0441-9A89E491A951}.Release|Any CPU.Build.0 = Release|Any CPU
		{3B3D3A1F-4B38-D70B-0C5F-52AD44A92B6C}.Debug|Any CPU.ActiveCfg = Debug|Any CPU
		{3B3D3A1F-4B38-D70B-0C5F-52AD44A92B6C}.Debug|Any CPU.Build.0 = Debug|Any CPU
		{3B3D3A1F-4B38-D70B-0C5F-52AD44A92B6C}.Release|Any CPU.ActiveCfg = Release|Any CPU
		{3B3D3A1F-4B38-D70B-0C5F-52AD44A92B6C}.Release|Any CPU.Build.0 = Release|Any CPU
		{4B25EE5E-C02F-CDC9-B9C5-90DC872E8028}.Debug|Any CPU.ActiveCfg = Debug|Any CPU
		{4B25EE5E-C02F-CDC9-B9C5-90DC872E8028}.Debug|Any CPU.Build.0 = Debug|Any CPU
		{4B25EE5E-C02F-CDC9-B9C5-90DC872E8028}.Release|Any CPU.ActiveCfg = Release|Any CPU
		{4B25EE5E-C02F-CDC9-B9C5-90DC872E8028}.Release|Any CPU.Build.0 = Release|Any CPU
		{970D1613-CDA3-762D-5094-5A945D982657}.Debug|Any CPU.ActiveCfg = Debug|Any CPU
		{970D1613-CDA3-762D-5094-5A945D982657}.Debug|Any CPU.Build.0 = Debug|Any CPU
		{970D1613-CDA3-762D-5094-5A945D982657}.Release|Any CPU.ActiveCfg = Release|Any CPU
		{970D1613-CDA3-762D-5094-5A945D982657}.Release|Any CPU.Build.0 = Release|Any CPU
	EndGlobalSection
	GlobalSection(SolutionProperties) = preSolution
		HideSolutionNode = FALSE
	EndGlobalSection
							GlobalSection(MonoDevelopProperties) = preSolution
		StartupItem = Assembly-CSharp.csproj
		Policies = $0
		$0.TextStylePolicy = $1
		$1.inheritsSet = null
		$1.scope = text/x-csharp
		$0.CSharpFormattingPolicy = $2
		$2.inheritsSet = Mono
		$2.inheritsScope = text/x-csharp
		$2.scope = text/x-csharp
		$0.TextStylePolicy = $3
		$3.FileWidth = 120
		$3.TabWidth = 4
		$3.EolMarker = Unix
		$3.inheritsSet = Mono
		$3.inheritsScope = text/plain
		$3.scope = text/plain
	EndGlobalSection

EndGlobal
