Microsoft Visual Studio Solution File, Format Version 11.00
# Visual Studio 2008

Project("{8156433A-519A-74B1-CD03-BDB3F3E42D91}") = "ARG-Zombies-Unity", "Assembly-CSharp-firstpass-vs.csproj", "{ABDD910F-BD9C-7D23-19BE-E9A9A9F565CF}"
EndProject
Project("{8156433A-519A-74B1-CD03-BDB3F3E42D91}") = "ARG-Zombies-Unity", "Assembly-CSharp-vs.csproj", "{61C8B7E1-DDF6-4466-0F1C-58F8B5988C06}"
EndProject
Project("{8156433A-519A-74B1-CD03-BDB3F3E42D91}") = "ARG-Zombies-Unity", "Assembly-CSharp-Editor-vs.csproj", "{1A341564-8E06-4B9E-4920-CF80733F8F55}"
EndProject
Global
	GlobalSection(SolutionConfigurationPlatforms) = preSolution
		Debug|Any CPU = Debug|Any CPU
		Release|Any CPU = Release|Any CPU
	EndGlobalSection
	GlobalSection(ProjectConfigurationPlatforms) = postSolution
		{ABDD910F-BD9C-7D23-19BE-E9A9A9F565CF}.Debug|Any CPU.ActiveCfg = Debug|Any CPU
		{ABDD910F-BD9C-7D23-19BE-E9A9A9F565CF}.Debug|Any CPU.Build.0 = Debug|Any CPU
		{ABDD910F-BD9C-7D23-19BE-E9A9A9F565CF}.Release|Any CPU.ActiveCfg = Release|Any CPU
		{ABDD910F-BD9C-7D23-19BE-E9A9A9F565CF}.Release|Any CPU.Build.0 = Release|Any CPU
		{61C8B7E1-DDF6-4466-0F1C-58F8B5988C06}.Debug|Any CPU.ActiveCfg = Debug|Any CPU
		{61C8B7E1-DDF6-4466-0F1C-58F8B5988C06}.Debug|Any CPU.Build.0 = Debug|Any CPU
		{61C8B7E1-DDF6-4466-0F1C-58F8B5988C06}.Release|Any CPU.ActiveCfg = Release|Any CPU
		{61C8B7E1-DDF6-4466-0F1C-58F8B5988C06}.Release|Any CPU.Build.0 = Release|Any CPU
		{1A341564-8E06-4B9E-4920-CF80733F8F55}.Debug|Any CPU.ActiveCfg = Debug|Any CPU
		{1A341564-8E06-4B9E-4920-CF80733F8F55}.Debug|Any CPU.Build.0 = Debug|Any CPU
		{1A341564-8E06-4B9E-4920-CF80733F8F55}.Release|Any CPU.ActiveCfg = Release|Any CPU
		{1A341564-8E06-4B9E-4920-CF80733F8F55}.Release|Any CPU.Build.0 = Release|Any CPU
	EndGlobalSection
	GlobalSection(SolutionProperties) = preSolution
		HideSolutionNode = FALSE
	EndGlobalSection
																																																																																																																										GlobalSection(MonoDevelopProperties) = preSolution
		StartupItem = Assembly-CSharp.csproj
		Policies = $0
		$0.TextStylePolicy = $1
		$1.inheritsSet = null
		$1.scope = text/x-csharp
		$0.CSharpFormattingPolicy = $2
		$2.inheritsSet = Mono
		$2.inheritsScope = text/x-csharp
		$2.scope = text/x-csharp
		$0.TextStylePolicy = $3
		$3.FileWidth = 120
		$3.TabWidth = 4
		$3.EolMarker = Unix
		$3.inheritsSet = Mono
		$3.inheritsScope = text/plain
		$3.scope = text/plain
	EndGlobalSection

EndGlobal
