Microsoft Visual Studio Solution File, Format Version 10.00
# Visual Studio 2008

Project("{B6D7EF29-5A43-EA59-78CD-C373077852DB}") = "UrbanApocalypse_unity", "UrbanApocalypse_unity.csproj", "{D5D3A058-6F66-8F44-5A93-7DE77A866056}"
EndProject
Global
	GlobalSection(SolutionConfigurationPlatforms) = preSolution
		Debug|Any CPU = Debug|Any CPU
		Release|Any CPU = Release|Any CPU
	EndGlobalSection
	GlobalSection(ProjectConfigurationPlatforms) = postSolution
		{D5D3A058-6F66-8F44-5A93-7DE77A866056}.Debug|Any CPU.ActiveCfg = Debug|Any CPU
		{D5D3A058-6F66-8F44-5A93-7DE77A866056}.Debug|Any CPU.Build.0 = Debug|Any CPU
		{D5D3A058-6F66-8F44-5A93-7DE77A866056}.Release|Any CPU.ActiveCfg = Release|Any CPU
		{D5D3A058-6F66-8F44-5A93-7DE77A866056}.Release|Any CPU.Build.0 = Release|Any CPU
	EndGlobalSection
	GlobalSection(SolutionProperties) = preSolution
		HideSolutionNode = FALSE
	EndGlobalSection
	
EndGlobal
