Microsoft Visual Studio Solution File, Format Version 10.00
# Visual Studio 2008

Project("{434D0BF4-636C-432B-6723-69B355554E24}") = "UrbanApocalypse_unity 2", "UrbanApocalypse_unity 2.csproj", "{9C43065E-7360-87EE-A1CB-303B17DA5455}"
EndProject
Global
	GlobalSection(SolutionConfigurationPlatforms) = preSolution
		Debug|Any CPU = Debug|Any CPU
		Release|Any CPU = Release|Any CPU
	EndGlobalSection
	GlobalSection(ProjectConfigurationPlatforms) = postSolution
		{9C43065E-7360-87EE-A1CB-303B17DA5455}.Debug|Any CPU.ActiveCfg = Debug|Any CPU
		{9C43065E-7360-87EE-A1CB-303B17DA5455}.Debug|Any CPU.Build.0 = Debug|Any CPU
		{9C43065E-7360-87EE-A1CB-303B17DA5455}.Release|Any CPU.ActiveCfg = Release|Any CPU
		{9C43065E-7360-87EE-A1CB-303B17DA5455}.Release|Any CPU.Build.0 = Release|Any CPU
	EndGlobalSection
	GlobalSection(SolutionProperties) = preSolution
		HideSolutionNode = FALSE
	EndGlobalSection
	
EndGlobal
